
Microsoft Visual Studio Solution File, Format Version 12.00
# Visual Studio Version 16
VisualStudioVersion = 16.0.30011.22
MinimumVisualStudioVersion = 10.0.40219.1
Project("{FAE04EC0-301F-11D3-BF4B-00C04F79EFBC}") = "RazorPagesMovie", "RazorPagesMovie.csproj", "{9770A1AE-CBAD-4A29-A067-FC7B4CED1FCB}"
EndProject
Global
	GlobalSection(SolutionConfigurationPlatforms) = preSolution
		Debug|Any CPU = Debug|Any CPU
		Release|Any CPU = Release|Any CPU
	EndGlobalSection
	GlobalSection(ProjectConfigurationPlatforms) = postSolution
		{9770A1AE-CBAD-4A29-A067-FC7B4CED1FCB}.Debug|Any CPU.ActiveCfg = Debug|Any CPU
		{9770A1AE-CBAD-4A29-A067-FC7B4CED1FCB}.Debug|Any CPU.Build.0 = Debug|Any CPU
		{9770A1AE-CBAD-4A29-A067-FC7B4CED1FCB}.Release|Any CPU.ActiveCfg = Release|Any CPU
		{9770A1AE-CBAD-4A29-A067-FC7B4CED1FCB}.Release|Any CPU.Build.0 = Release|Any CPU
	EndGlobalSection
	GlobalSection(SolutionProperties) = preSolution
		HideSolutionNode = FALSE
	EndGlobalSection
	GlobalSection(ExtensibilityGlobals) = postSolution
		SolutionGuid = {563B3C1E-37DB-4960-988B-719521CD14AC}
	EndGlobalSection
EndGlobal
